// !$*UTF8*$!
{
	archiveVersion = 1;
	classes = {
	};
	objectVersion = 50;
	objects = {

/* Begin PBXBuildFile section */
		B339DD7D2552E0150008B66F /* AddPlaceViewController.swift in Sources */ = {isa = PBXBuildFile; fileRef = B339DD7C2552E0150008B66F /* AddPlaceViewController.swift */; };
		B39CD938255293CF00B89E61 /* AppDelegate.swift in Sources */ = {isa = PBXBuildFile; fileRef = B39CD937255293CF00B89E61 /* AppDelegate.swift */; };
		B39CD93A255293CF00B89E61 /* SceneDelegate.swift in Sources */ = {isa = PBXBuildFile; fileRef = B39CD939255293CF00B89E61 /* SceneDelegate.swift */; };
		B39CD93C255293CF00B89E61 /* HomeViewController.swift in Sources */ = {isa = PBXBuildFile; fileRef = B39CD93B255293CF00B89E61 /* HomeViewController.swift */; };
		B39CD93F255293CF00B89E61 /* Main.storyboard in Resources */ = {isa = PBXBuildFile; fileRef = B39CD93D255293CF00B89E61 /* Main.storyboard */; };
		B39CD942255293CF00B89E61 /* appStudy.xcdatamodeld in Sources */ = {isa = PBXBuildFile; fileRef = B39CD940255293CF00B89E61 /* appStudy.xcdatamodeld */; };
		B39CD944255293D300B89E61 /* Assets.xcassets in Resources */ = {isa = PBXBuildFile; fileRef = B39CD943255293D300B89E61 /* Assets.xcassets */; };
		B39CD947255293D300B89E61 /* LaunchScreen.storyboard in Resources */ = {isa = PBXBuildFile; fileRef = B39CD945255293D300B89E61 /* LaunchScreen.storyboard */; };
		B39CD952255293D300B89E61 /* appStudyTests.swift in Sources */ = {isa = PBXBuildFile; fileRef = B39CD951255293D300B89E61 /* appStudyTests.swift */; };
		B39CD95D255293D300B89E61 /* appStudyUITests.swift in Sources */ = {isa = PBXBuildFile; fileRef = B39CD95C255293D300B89E61 /* appStudyUITests.swift */; };
		B3EC262A2552FA9900690B23 /* LocationSearchTableViewController.swift in Sources */ = {isa = PBXBuildFile; fileRef = B3EC26292552FA9900690B23 /* LocationSearchTableViewController.swift */; };
		B3EC262D25534BAA00690B23 /* Weather.swift in Sources */ = {isa = PBXBuildFile; fileRef = B3EC262C25534BAA00690B23 /* Weather.swift */; };
/* End PBXBuildFile section */

/* Begin PBXContainerItemProxy section */
		B39CD94E255293D300B89E61 /* PBXContainerItemProxy */ = {
			isa = PBXContainerItemProxy;
			containerPortal = B39CD92C255293CF00B89E61 /* Project object */;
			proxyType = 1;
			remoteGlobalIDString = B39CD933255293CF00B89E61;
			remoteInfo = appStudy;
		};
		B39CD959255293D300B89E61 /* PBXContainerItemProxy */ = {
			isa = PBXContainerItemProxy;
			containerPortal = B39CD92C255293CF00B89E61 /* Project object */;
			proxyType = 1;
			remoteGlobalIDString = B39CD933255293CF00B89E61;
			remoteInfo = appStudy;
		};
/* End PBXContainerItemProxy section */

/* Begin PBXFileReference section */
		B339DD7C2552E0150008B66F /* AddPlaceViewController.swift */ = {isa = PBXFileReference; lastKnownFileType = sourcecode.swift; path = AddPlaceViewController.swift; sourceTree = "<group>"; };
		B39CD934255293CF00B89E61 /* appStudy.app */ = {isa = PBXFileReference; explicitFileType = wrapper.application; includeInIndex = 0; path = appStudy.app; sourceTree = BUILT_PRODUCTS_DIR; };
		B39CD937255293CF00B89E61 /* AppDelegate.swift */ = {isa = PBXFileReference; lastKnownFileType = sourcecode.swift; path = AppDelegate.swift; sourceTree = "<group>"; };
		B39CD939255293CF00B89E61 /* SceneDelegate.swift */ = {isa = PBXFileReference; lastKnownFileType = sourcecode.swift; path = SceneDelegate.swift; sourceTree = "<group>"; };
		B39CD93B255293CF00B89E61 /* HomeViewController.swift */ = {isa = PBXFileReference; lastKnownFileType = sourcecode.swift; path = HomeViewController.swift; sourceTree = "<group>"; };
		B39CD93E255293CF00B89E61 /* Base */ = {isa = PBXFileReference; lastKnownFileType = file.storyboard; name = Base; path = Base.lproj/Main.storyboard; sourceTree = "<group>"; };
		B39CD941255293CF00B89E61 /* appStudy.xcdatamodel */ = {isa = PBXFileReference; lastKnownFileType = wrapper.xcdatamodel; path = appStudy.xcdatamodel; sourceTree = "<group>"; };
		B39CD943255293D300B89E61 /* Assets.xcassets */ = {isa = PBXFileReference; lastKnownFileType = folder.assetcatalog; path = Assets.xcassets; sourceTree = "<group>"; };
		B39CD946255293D300B89E61 /* Base */ = {isa = PBXFileReference; lastKnownFileType = file.storyboard; name = Base; path = Base.lproj/LaunchScreen.storyboard; sourceTree = "<group>"; };
		B39CD948255293D300B89E61 /* Info.plist */ = {isa = PBXFileReference; lastKnownFileType = text.plist.xml; path = Info.plist; sourceTree = "<group>"; };
		B39CD94D255293D300B89E61 /* appStudyTests.xctest */ = {isa = PBXFileReference; explicitFileType = wrapper.cfbundle; includeInIndex = 0; path = appStudyTests.xctest; sourceTree = BUILT_PRODUCTS_DIR; };
		B39CD951255293D300B89E61 /* appStudyTests.swift */ = {isa = PBXFileReference; lastKnownFileType = sourcecode.swift; path = appStudyTests.swift; sourceTree = "<group>"; };
		B39CD953255293D300B89E61 /* Info.plist */ = {isa = PBXFileReference; lastKnownFileType = text.plist.xml; path = Info.plist; sourceTree = "<group>"; };
		B39CD958255293D300B89E61 /* appStudyUITests.xctest */ = {isa = PBXFileReference; explicitFileType = wrapper.cfbundle; includeInIndex = 0; path = appStudyUITests.xctest; sourceTree = BUILT_PRODUCTS_DIR; };
		B39CD95C255293D300B89E61 /* appStudyUITests.swift */ = {isa = PBXFileReference; lastKnownFileType = sourcecode.swift; path = appStudyUITests.swift; sourceTree = "<group>"; };
		B39CD95E255293D300B89E61 /* Info.plist */ = {isa = PBXFileReference; lastKnownFileType = text.plist.xml; path = Info.plist; sourceTree = "<group>"; };
		B3EC26292552FA9900690B23 /* LocationSearchTableViewController.swift */ = {isa = PBXFileReference; lastKnownFileType = sourcecode.swift; path = LocationSearchTableViewController.swift; sourceTree = "<group>"; };
		B3EC262C25534BAA00690B23 /* Weather.swift */ = {isa = PBXFileReference; lastKnownFileType = sourcecode.swift; path = Weather.swift; sourceTree = "<group>"; };
/* End PBXFileReference section */

/* Begin PBXFrameworksBuildPhase section */
		B39CD931255293CF00B89E61 /* Frameworks */ = {
			isa = PBXFrameworksBuildPhase;
			buildActionMask = 2147483647;
			files = (
			);
			runOnlyForDeploymentPostprocessing = 0;
		};
		B39CD94A255293D300B89E61 /* Frameworks */ = {
			isa = PBXFrameworksBuildPhase;
			buildActionMask = 2147483647;
			files = (
			);
			runOnlyForDeploymentPostprocessing = 0;
		};
		B39CD955255293D300B89E61 /* Frameworks */ = {
			isa = PBXFrameworksBuildPhase;
			buildActionMask = 2147483647;
			files = (
			);
			runOnlyForDeploymentPostprocessing = 0;
		};
/* End PBXFrameworksBuildPhase section */

/* Begin PBXGroup section */
		B339DD7B2552DFE20008B66F /* AddPlace */ = {
			isa = PBXGroup;
			children = (
				B339DD7C2552E0150008B66F /* AddPlaceViewController.swift */,
			);
			path = AddPlace;
			sourceTree = "<group>";
		};
		B39CD92B255293CF00B89E61 = {
			isa = PBXGroup;
			children = (
				B39CD936255293CF00B89E61 /* appStudy */,
				B39CD950255293D300B89E61 /* appStudyTests */,
				B39CD95B255293D300B89E61 /* appStudyUITests */,
				B39CD935255293CF00B89E61 /* Products */,
			);
			sourceTree = "<group>";
		};
		B39CD935255293CF00B89E61 /* Products */ = {
			isa = PBXGroup;
			children = (
				B39CD934255293CF00B89E61 /* appStudy.app */,
				B39CD94D255293D300B89E61 /* appStudyTests.xctest */,
				B39CD958255293D300B89E61 /* appStudyUITests.xctest */,
			);
			name = Products;
			sourceTree = "<group>";
		};
		B39CD936255293CF00B89E61 /* appStudy */ = {
			isa = PBXGroup;
			children = (
				B3EC262B25534B6700690B23 /* Models */,
				B3EC26282552FA5C00690B23 /* LocationSearchTable */,
				B339DD7B2552DFE20008B66F /* AddPlace */,
				B39CD96A2552959F00B89E61 /* App */,
				B39CD96B255295B800B89E61 /* Home */,
				B39CD948255293D300B89E61 /* Info.plist */,
				B39CD96C255295E900B89E61 /* Resources */,
			);
			path = appStudy;
			sourceTree = "<group>";
		};
		B39CD950255293D300B89E61 /* appStudyTests */ = {
			isa = PBXGroup;
			children = (
				B39CD951255293D300B89E61 /* appStudyTests.swift */,
				B39CD953255293D300B89E61 /* Info.plist */,
			);
			path = appStudyTests;
			sourceTree = "<group>";
		};
		B39CD95B255293D300B89E61 /* appStudyUITests */ = {
			isa = PBXGroup;
			children = (
				B39CD95C255293D300B89E61 /* appStudyUITests.swift */,
				B39CD95E255293D300B89E61 /* Info.plist */,
			);
			path = appStudyUITests;
			sourceTree = "<group>";
		};
		B39CD96A2552959F00B89E61 /* App */ = {
			isa = PBXGroup;
			children = (
				B39CD937255293CF00B89E61 /* AppDelegate.swift */,
				B39CD939255293CF00B89E61 /* SceneDelegate.swift */,
			);
			path = App;
			sourceTree = "<group>";
		};
		B39CD96B255295B800B89E61 /* Home */ = {
			isa = PBXGroup;
			children = (
				B39CD93B255293CF00B89E61 /* HomeViewController.swift */,
			);
			path = Home;
			sourceTree = "<group>";
		};
		B39CD96C255295E900B89E61 /* Resources */ = {
			isa = PBXGroup;
			children = (
				B39CD943255293D300B89E61 /* Assets.xcassets */,
				B39CD940255293CF00B89E61 /* appStudy.xcdatamodeld */,
				B39CD945255293D300B89E61 /* LaunchScreen.storyboard */,
				B39CD93D255293CF00B89E61 /* Main.storyboard */,
			);
			path = Resources;
			sourceTree = "<group>";
		};
		B3EC26282552FA5C00690B23 /* LocationSearchTable */ = {
			isa = PBXGroup;
			children = (
				B3EC26292552FA9900690B23 /* LocationSearchTableViewController.swift */,
			);
			path = LocationSearchTable;
			sourceTree = "<group>";
		};
		B3EC262B25534B6700690B23 /* Models */ = {
			isa = PBXGroup;
			children = (
				B3EC262C25534BAA00690B23 /* Weather.swift */,
			);
			path = Models;
			sourceTree = "<group>";
		};
/* End PBXGroup section */

/* Begin PBXNativeTarget section */
		B39CD933255293CF00B89E61 /* appStudy */ = {
			isa = PBXNativeTarget;
			buildConfigurationList = B39CD961255293D300B89E61 /* Build configuration list for PBXNativeTarget "appStudy" */;
			buildPhases = (
				B39CD930255293CF00B89E61 /* Sources */,
				B39CD931255293CF00B89E61 /* Frameworks */,
				B39CD932255293CF00B89E61 /* Resources */,
			);
			buildRules = (
			);
			dependencies = (
			);
			name = appStudy;
			productName = appStudy;
			productReference = B39CD934255293CF00B89E61 /* appStudy.app */;
			productType = "com.apple.product-type.application";
		};
		B39CD94C255293D300B89E61 /* appStudyTests */ = {
			isa = PBXNativeTarget;
			buildConfigurationList = B39CD964255293D300B89E61 /* Build configuration list for PBXNativeTarget "appStudyTests" */;
			buildPhases = (
				B39CD949255293D300B89E61 /* Sources */,
				B39CD94A255293D300B89E61 /* Frameworks */,
				B39CD94B255293D300B89E61 /* Resources */,
			);
			buildRules = (
			);
			dependencies = (
				B39CD94F255293D300B89E61 /* PBXTargetDependency */,
			);
			name = appStudyTests;
			productName = appStudyTests;
			productReference = B39CD94D255293D300B89E61 /* appStudyTests.xctest */;
			productType = "com.apple.product-type.bundle.unit-test";
		};
		B39CD957255293D300B89E61 /* appStudyUITests */ = {
			isa = PBXNativeTarget;
			buildConfigurationList = B39CD967255293D300B89E61 /* Build configuration list for PBXNativeTarget "appStudyUITests" */;
			buildPhases = (
				B39CD954255293D300B89E61 /* Sources */,
				B39CD955255293D300B89E61 /* Frameworks */,
				B39CD956255293D300B89E61 /* Resources */,
			);
			buildRules = (
			);
			dependencies = (
				B39CD95A255293D300B89E61 /* PBXTargetDependency */,
			);
			name = appStudyUITests;
			productName = appStudyUITests;
			productReference = B39CD958255293D300B89E61 /* appStudyUITests.xctest */;
			productType = "com.apple.product-type.bundle.ui-testing";
		};
/* End PBXNativeTarget section */

/* Begin PBXProject section */
		B39CD92C255293CF00B89E61 /* Project object */ = {
			isa = PBXProject;
			attributes = {
				LastSwiftUpdateCheck = 1200;
				LastUpgradeCheck = 1200;
				TargetAttributes = {
					B39CD933255293CF00B89E61 = {
						CreatedOnToolsVersion = 12.0;
					};
					B39CD94C255293D300B89E61 = {
						CreatedOnToolsVersion = 12.0;
						TestTargetID = B39CD933255293CF00B89E61;
					};
					B39CD957255293D300B89E61 = {
						CreatedOnToolsVersion = 12.0;
						TestTargetID = B39CD933255293CF00B89E61;
					};
				};
			};
			buildConfigurationList = B39CD92F255293CF00B89E61 /* Build configuration list for PBXProject "appStudy" */;
			compatibilityVersion = "Xcode 9.3";
			developmentRegion = en;
			hasScannedForEncodings = 0;
			knownRegions = (
				en,
				Base,
			);
			mainGroup = B39CD92B255293CF00B89E61;
			productRefGroup = B39CD935255293CF00B89E61 /* Products */;
			projectDirPath = "";
			projectRoot = "";
			targets = (
				B39CD933255293CF00B89E61 /* appStudy */,
				B39CD94C255293D300B89E61 /* appStudyTests */,
				B39CD957255293D300B89E61 /* appStudyUITests */,
			);
		};
/* End PBXProject section */

/* Begin PBXResourcesBuildPhase section */
		B39CD932255293CF00B89E61 /* Resources */ = {
			isa = PBXResourcesBuildPhase;
			buildActionMask = 2147483647;
			files = (
				B39CD947255293D300B89E61 /* LaunchScreen.storyboard in Resources */,
				B39CD944255293D300B89E61 /* Assets.xcassets in Resources */,
				B39CD93F255293CF00B89E61 /* Main.storyboard in Resources */,
			);
			runOnlyForDeploymentPostprocessing = 0;
		};
		B39CD94B255293D300B89E61 /* Resources */ = {
			isa = PBXResourcesBuildPhase;
			buildActionMask = 2147483647;
			files = (
			);
			runOnlyForDeploymentPostprocessing = 0;
		};
		B39CD956255293D300B89E61 /* Resources */ = {
			isa = PBXResourcesBuildPhase;
			buildActionMask = 2147483647;
			files = (
			);
			runOnlyForDeploymentPostprocessing = 0;
		};
/* End PBXResourcesBuildPhase section */

/* Begin PBXSourcesBuildPhase section */
		B39CD930255293CF00B89E61 /* Sources */ = {
			isa = PBXSourcesBuildPhase;
			buildActionMask = 2147483647;
			files = (
				B339DD7D2552E0150008B66F /* AddPlaceViewController.swift in Sources */,
				B39CD93C255293CF00B89E61 /* HomeViewController.swift in Sources */,
				B39CD938255293CF00B89E61 /* AppDelegate.swift in Sources */,
				B39CD93A255293CF00B89E61 /* SceneDelegate.swift in Sources */,
				B3EC262A2552FA9900690B23 /* LocationSearchTableViewController.swift in Sources */,
				B39CD942255293CF00B89E61 /* appStudy.xcdatamodeld in Sources */,
				B3EC262D25534BAA00690B23 /* Weather.swift in Sources */,
			);
			runOnlyForDeploymentPostprocessing = 0;
		};
		B39CD949255293D300B89E61 /* Sources */ = {
			isa = PBXSourcesBuildPhase;
			buildActionMask = 2147483647;
			files = (
				B39CD952255293D300B89E61 /* appStudyTests.swift in Sources */,
			);
			runOnlyForDeploymentPostprocessing = 0;
		};
		B39CD954255293D300B89E61 /* Sources */ = {
			isa = PBXSourcesBuildPhase;
			buildActionMask = 2147483647;
			files = (
				B39CD95D255293D300B89E61 /* appStudyUITests.swift in Sources */,
			);
			runOnlyForDeploymentPostprocessing = 0;
		};
/* End PBXSourcesBuildPhase section */

/* Begin PBXTargetDependency section */
		B39CD94F255293D300B89E61 /* PBXTargetDependency */ = {
			isa = PBXTargetDependency;
			target = B39CD933255293CF00B89E61 /* appStudy */;
			targetProxy = B39CD94E255293D300B89E61 /* PBXContainerItemProxy */;
		};
		B39CD95A255293D300B89E61 /* PBXTargetDependency */ = {
			isa = PBXTargetDependency;
			target = B39CD933255293CF00B89E61 /* appStudy */;
			targetProxy = B39CD959255293D300B89E61 /* PBXContainerItemProxy */;
		};
/* End PBXTargetDependency section */

/* Begin PBXVariantGroup section */
		B39CD93D255293CF00B89E61 /* Main.storyboard */ = {
			isa = PBXVariantGroup;
			children = (
				B39CD93E255293CF00B89E61 /* Base */,
			);
			name = Main.storyboard;
			sourceTree = "<group>";
		};
		B39CD945255293D300B89E61 /* LaunchScreen.storyboard */ = {
			isa = PBXVariantGroup;
			children = (
				B39CD946255293D300B89E61 /* Base */,
			);
			name = LaunchScreen.storyboard;
			sourceTree = "<group>";
		};
/* End PBXVariantGroup section */

/* Begin XCBuildConfiguration section */
		B39CD95F255293D300B89E61 /* Debug */ = {
			isa = XCBuildConfiguration;
			buildSettings = {
				ALWAYS_SEARCH_USER_PATHS = NO;
				CLANG_ANALYZER_NONNULL = YES;
				CLANG_ANALYZER_NUMBER_OBJECT_CONVERSION = YES_AGGRESSIVE;
				CLANG_CXX_LANGUAGE_STANDARD = "gnu++14";
				CLANG_CXX_LIBRARY = "libc++";
				CLANG_ENABLE_MODULES = YES;
				CLANG_ENABLE_OBJC_ARC = YES;
				CLANG_ENABLE_OBJC_WEAK = YES;
				CLANG_WARN_BLOCK_CAPTURE_AUTORELEASING = YES;
				CLANG_WARN_BOOL_CONVERSION = YES;
				CLANG_WARN_COMMA = YES;
				CLANG_WARN_CONSTANT_CONVERSION = YES;
				CLANG_WARN_DEPRECATED_OBJC_IMPLEMENTATIONS = YES;
				CLANG_WARN_DIRECT_OBJC_ISA_USAGE = YES_ERROR;
				CLANG_WARN_DOCUMENTATION_COMMENTS = YES;
				CLANG_WARN_EMPTY_BODY = YES;
				CLANG_WARN_ENUM_CONVERSION = YES;
				CLANG_WARN_INFINITE_RECURSION = YES;
				CLANG_WARN_INT_CONVERSION = YES;
				CLANG_WARN_NON_LITERAL_NULL_CONVERSION = YES;
				CLANG_WARN_OBJC_IMPLICIT_RETAIN_SELF = YES;
				CLANG_WARN_OBJC_LITERAL_CONVERSION = YES;
				CLANG_WARN_OBJC_ROOT_CLASS = YES_ERROR;
				CLANG_WARN_QUOTED_INCLUDE_IN_FRAMEWORK_HEADER = YES;
				CLANG_WARN_RANGE_LOOP_ANALYSIS = YES;
				CLANG_WARN_STRICT_PROTOTYPES = YES;
				CLANG_WARN_SUSPICIOUS_MOVE = YES;
				CLANG_WARN_UNGUARDED_AVAILABILITY = YES_AGGRESSIVE;
				CLANG_WARN_UNREACHABLE_CODE = YES;
				CLANG_WARN__DUPLICATE_METHOD_MATCH = YES;
				COPY_PHASE_STRIP = NO;
				DEBUG_INFORMATION_FORMAT = dwarf;
				ENABLE_STRICT_OBJC_MSGSEND = YES;
				ENABLE_TESTABILITY = YES;
				GCC_C_LANGUAGE_STANDARD = gnu11;
				GCC_DYNAMIC_NO_PIC = NO;
				GCC_NO_COMMON_BLOCKS = YES;
				GCC_OPTIMIZATION_LEVEL = 0;
				GCC_PREPROCESSOR_DEFINITIONS = (
					"DEBUG=1",
					"$(inherited)",
				);
				GCC_WARN_64_TO_32_BIT_CONVERSION = YES;
				GCC_WARN_ABOUT_RETURN_TYPE = YES_ERROR;
				GCC_WARN_UNDECLARED_SELECTOR = YES;
				GCC_WARN_UNINITIALIZED_AUTOS = YES_AGGRESSIVE;
				GCC_WARN_UNUSED_FUNCTION = YES;
				GCC_WARN_UNUSED_VARIABLE = YES;
				IPHONEOS_DEPLOYMENT_TARGET = 14.0;
				MTL_ENABLE_DEBUG_INFO = INCLUDE_SOURCE;
				MTL_FAST_MATH = YES;
				ONLY_ACTIVE_ARCH = YES;
				SDKROOT = iphoneos;
				SWIFT_ACTIVE_COMPILATION_CONDITIONS = DEBUG;
				SWIFT_OPTIMIZATION_LEVEL = "-Onone";
			};
			name = Debug;
		};
		B39CD960255293D300B89E61 /* Release */ = {
			isa = XCBuildConfiguration;
			buildSettings = {
				ALWAYS_SEARCH_USER_PATHS = NO;
				CLANG_ANALYZER_NONNULL = YES;
				CLANG_ANALYZER_NUMBER_OBJECT_CONVERSION = YES_AGGRESSIVE;
				CLANG_CXX_LANGUAGE_STANDARD = "gnu++14";
				CLANG_CXX_LIBRARY = "libc++";
				CLANG_ENABLE_MODULES = YES;
				CLANG_ENABLE_OBJC_ARC = YES;
				CLANG_ENABLE_OBJC_WEAK = YES;
				CLANG_WARN_BLOCK_CAPTURE_AUTORELEASING = YES;
				CLANG_WARN_BOOL_CONVERSION = YES;
				CLANG_WARN_COMMA = YES;
				CLANG_WARN_CONSTANT_CONVERSION = YES;
				CLANG_WARN_DEPRECATED_OBJC_IMPLEMENTATIONS = YES;
				CLANG_WARN_DIRECT_OBJC_ISA_USAGE = YES_ERROR;
				CLANG_WARN_DOCUMENTATION_COMMENTS = YES;
				CLANG_WARN_EMPTY_BODY = YES;
				CLANG_WARN_ENUM_CONVERSION = YES;
				CLANG_WARN_INFINITE_RECURSION = YES;
				CLANG_WARN_INT_CONVERSION = YES;
				CLANG_WARN_NON_LITERAL_NULL_CONVERSION = YES;
				CLANG_WARN_OBJC_IMPLICIT_RETAIN_SELF = YES;
				CLANG_WARN_OBJC_LITERAL_CONVERSION = YES;
				CLANG_WARN_OBJC_ROOT_CLASS = YES_ERROR;
				CLANG_WARN_QUOTED_INCLUDE_IN_FRAMEWORK_HEADER = YES;
				CLANG_WARN_RANGE_LOOP_ANALYSIS = YES;
				CLANG_WARN_STRICT_PROTOTYPES = YES;
				CLANG_WARN_SUSPICIOUS_MOVE = YES;
				CLANG_WARN_UNGUARDED_AVAILABILITY = YES_AGGRESSIVE;
				CLANG_WARN_UNREACHABLE_CODE = YES;
				CLANG_WARN__DUPLICATE_METHOD_MATCH = YES;
				COPY_PHASE_STRIP = NO;
				DEBUG_INFORMATION_FORMAT = "dwarf-with-dsym";
				ENABLE_NS_ASSERTIONS = NO;
				ENABLE_STRICT_OBJC_MSGSEND = YES;
				GCC_C_LANGUAGE_STANDARD = gnu11;
				GCC_NO_COMMON_BLOCKS = YES;
				GCC_WARN_64_TO_32_BIT_CONVERSION = YES;
				GCC_WARN_ABOUT_RETURN_TYPE = YES_ERROR;
				GCC_WARN_UNDECLARED_SELECTOR = YES;
				GCC_WARN_UNINITIALIZED_AUTOS = YES_AGGRESSIVE;
				GCC_WARN_UNUSED_FUNCTION = YES;
				GCC_WARN_UNUSED_VARIABLE = YES;
				IPHONEOS_DEPLOYMENT_TARGET = 14.0;
				MTL_ENABLE_DEBUG_INFO = NO;
				MTL_FAST_MATH = YES;
				SDKROOT = iphoneos;
				SWIFT_COMPILATION_MODE = wholemodule;
				SWIFT_OPTIMIZATION_LEVEL = "-O";
				VALIDATE_PRODUCT = YES;
			};
			name = Release;
		};
		B39CD962255293D300B89E61 /* Debug */ = {
			isa = XCBuildConfiguration;
			buildSettings = {
				ASSETCATALOG_COMPILER_APPICON_NAME = AppIcon;
				ASSETCATALOG_COMPILER_GLOBAL_ACCENT_COLOR_NAME = AccentColor;
				CODE_SIGN_STYLE = Automatic;
				DEVELOPMENT_TEAM = Z2TAY6TRFW;
				INFOPLIST_FILE = appStudy/Info.plist;
				IPHONEOS_DEPLOYMENT_TARGET = 9.3;
				LD_RUNPATH_SEARCH_PATHS = (
					"$(inherited)",
					"@executable_path/Frameworks",
				);
				PRODUCT_BUNDLE_IDENTIFIER = dhwty.appStudy;
				PRODUCT_NAME = "$(TARGET_NAME)";
				SWIFT_VERSION = 5.0;
				TARGETED_DEVICE_FAMILY = "1,2";
			};
			name = Debug;
		};
		B39CD963255293D300B89E61 /* Release */ = {
			isa = XCBuildConfiguration;
			buildSettings = {
				ASSETCATALOG_COMPILER_APPICON_NAME = AppIcon;
				ASSETCATALOG_COMPILER_GLOBAL_ACCENT_COLOR_NAME = AccentColor;
				CODE_SIGN_STYLE = Automatic;
				DEVELOPMENT_TEAM = Z2TAY6TRFW;
				INFOPLIST_FILE = appStudy/Info.plist;
				IPHONEOS_DEPLOYMENT_TARGET = 9.3;
				LD_RUNPATH_SEARCH_PATHS = (
					"$(inherited)",
					"@executable_path/Frameworks",
				);
				PRODUCT_BUNDLE_IDENTIFIER = dhwty.appStudy;
				PRODUCT_NAME = "$(TARGET_NAME)";
				SWIFT_VERSION = 5.0;
				TARGETED_DEVICE_FAMILY = "1,2";
			};
			name = Release;
		};
		B39CD965255293D300B89E61 /* Debug */ = {
			isa = XCBuildConfiguration;
			buildSettings = {
				ALWAYS_EMBED_SWIFT_STANDARD_LIBRARIES = YES;
				BUNDLE_LOADER = "$(TEST_HOST)";
				CODE_SIGN_STYLE = Automatic;
				DEVELOPMENT_TEAM = Z2TAY6TRFW;
				INFOPLIST_FILE = appStudyTests/Info.plist;
				IPHONEOS_DEPLOYMENT_TARGET = 14.0;
				LD_RUNPATH_SEARCH_PATHS = (
					"$(inherited)",
					"@executable_path/Frameworks",
					"@loader_path/Frameworks",
				);
				PRODUCT_BUNDLE_IDENTIFIER = dhwty.appStudyTests;
				PRODUCT_NAME = "$(TARGET_NAME)";
				SWIFT_VERSION = 5.0;
				TARGETED_DEVICE_FAMILY = "1,2";
				TEST_HOST = "$(BUILT_PRODUCTS_DIR)/appStudy.app/appStudy";
			};
			name = Debug;
		};
		B39CD966255293D300B89E61 /* Release */ = {
			isa = XCBuildConfiguration;
			buildSettings = {
				ALWAYS_EMBED_SWIFT_STANDARD_LIBRARIES = YES;
				BUNDLE_LOADER = "$(TEST_HOST)";
				CODE_SIGN_STYLE = Automatic;
				DEVELOPMENT_TEAM = Z2TAY6TRFW;
				INFOPLIST_FILE = appStudyTests/Info.plist;
				IPHONEOS_DEPLOYMENT_TARGET = 14.0;
				LD_RUNPATH_SEARCH_PATHS = (
					"$(inherited)",
					"@executable_path/Frameworks",
					"@loader_path/Frameworks",
				);
				PRODUCT_BUNDLE_IDENTIFIER = dhwty.appStudyTests;
				PRODUCT_NAME = "$(TARGET_NAME)";
				SWIFT_VERSION = 5.0;
				TARGETED_DEVICE_FAMILY = "1,2";
				TEST_HOST = "$(BUILT_PRODUCTS_DIR)/appStudy.app/appStudy";
			};
			name = Release;
		};
		B39CD968255293D300B89E61 /* Debug */ = {
			isa = XCBuildConfiguration;
			buildSettings = {
				ALWAYS_EMBED_SWIFT_STANDARD_LIBRARIES = YES;
				CODE_SIGN_STYLE = Automatic;
				DEVELOPMENT_TEAM = Z2TAY6TRFW;
				INFOPLIST_FILE = appStudyUITests/Info.plist;
				LD_RUNPATH_SEARCH_PATHS = (
					"$(inherited)",
					"@executable_path/Frameworks",
					"@loader_path/Frameworks",
				);
				PRODUCT_BUNDLE_IDENTIFIER = dhwty.appStudyUITests;
				PRODUCT_NAME = "$(TARGET_NAME)";
				SWIFT_VERSION = 5.0;
				TARGETED_DEVICE_FAMILY = "1,2";
				TEST_TARGET_NAME = appStudy;
			};
			name = Debug;
		};
		B39CD969255293D300B89E61 /* Release */ = {
			isa = XCBuildConfiguration;
			buildSettings = {
				ALWAYS_EMBED_SWIFT_STANDARD_LIBRARIES = YES;
				CODE_SIGN_STYLE = Automatic;
				DEVELOPMENT_TEAM = Z2TAY6TRFW;
				INFOPLIST_FILE = appStudyUITests/Info.plist;
				LD_RUNPATH_SEARCH_PATHS = (
					"$(inherited)",
					"@executable_path/Frameworks",
					"@loader_path/Frameworks",
				);
				PRODUCT_BUNDLE_IDENTIFIER = dhwty.appStudyUITests;
				PRODUCT_NAME = "$(TARGET_NAME)";
				SWIFT_VERSION = 5.0;
				TARGETED_DEVICE_FAMILY = "1,2";
				TEST_TARGET_NAME = appStudy;
			};
			name = Release;
		};
/* End XCBuildConfiguration section */

/* Begin XCConfigurationList section */
		B39CD92F255293CF00B89E61 /* Build configuration list for PBXProject "appStudy" */ = {
			isa = XCConfigurationList;
			buildConfigurations = (
				B39CD95F255293D300B89E61 /* Debug */,
				B39CD960255293D300B89E61 /* Release */,
			);
			defaultConfigurationIsVisible = 0;
			defaultConfigurationName = Release;
		};
		B39CD961255293D300B89E61 /* Build configuration list for PBXNativeTarget "appStudy" */ = {
			isa = XCConfigurationList;
			buildConfigurations = (
				B39CD962255293D300B89E61 /* Debug */,
				B39CD963255293D300B89E61 /* Release */,
			);
			defaultConfigurationIsVisible = 0;
			defaultConfigurationName = Release;
		};
		B39CD964255293D300B89E61 /* Build configuration list for PBXNativeTarget "appStudyTests" */ = {
			isa = XCConfigurationList;
			buildConfigurations = (
				B39CD965255293D300B89E61 /* Debug */,
				B39CD966255293D300B89E61 /* Release */,
			);
			defaultConfigurationIsVisible = 0;
			defaultConfigurationName = Release;
		};
		B39CD967255293D300B89E61 /* Build configuration list for PBXNativeTarget "appStudyUITests" */ = {
			isa = XCConfigurationList;
			buildConfigurations = (
				B39CD968255293D300B89E61 /* Debug */,
				B39CD969255293D300B89E61 /* Release */,
			);
			defaultConfigurationIsVisible = 0;
			defaultConfigurationName = Release;
		};
/* End XCConfigurationList section */

/* Begin XCVersionGroup section */
		B39CD940255293CF00B89E61 /* appStudy.xcdatamodeld */ = {
			isa = XCVersionGroup;
			children = (
				B39CD941255293CF00B89E61 /* appStudy.xcdatamodel */,
			);
			currentVersion = B39CD941255293CF00B89E61 /* appStudy.xcdatamodel */;
			path = appStudy.xcdatamodeld;
			sourceTree = "<group>";
			versionGroupType = wrapper.xcdatamodel;
		};
/* End XCVersionGroup section */
	};
	rootObject = B39CD92C255293CF00B89E61 /* Project object */;
}
